
Microsoft Visual Studio Solution File, Format Version 12.00
# Visual Studio Version 17
VisualStudioVersion = 17.3.32819.101
MinimumVisualStudioVersion = 10.0.40219.1
Project("{FAE04EC0-301F-11D3-BF4B-00C04F79EFBC}") = "WpfSampleApp", "WpfSampleApp\WpfSampleApp.csproj", "{DBF04F83-809E-4184-A967-18D9733E44D6}"
EndProject
Global
	GlobalSection(SolutionConfigurationPlatforms) = preSolution
		Debug|Any CPU = Debug|Any CPU
		Release|Any CPU = Release|Any CPU
	EndGlobalSection
	GlobalSection(ProjectConfigurationPlatforms) = postSolution
		{DBF04F83-809E-4184-A967-18D9733E44D6}.Debug|Any CPU.ActiveCfg = Debug|Any CPU
		{DBF04F83-809E-4184-A967-18D9733E44D6}.Debug|Any CPU.Build.0 = Debug|Any CPU
		{DBF04F83-809E-4184-A967-18D9733E44D6}.Release|Any CPU.ActiveCfg = Release|Any CPU
		{DBF04F83-809E-4184-A967-18D9733E44D6}.Release|Any CPU.Build.0 = Release|Any CPU
	EndGlobalSection
	GlobalSection(SolutionProperties) = preSolution
		HideSolutionNode = FALSE
	EndGlobalSection
	GlobalSection(ExtensibilityGlobals) = postSolution
		SolutionGuid = {679BFDF0-3548-473E-9F07-E9236613538E}
	EndGlobalSection
EndGlobal
